Microsoft Visual Studio Solution File, Format Version 12.00
# Visual Studio Version 17
VisualStudioVersion = 17.5.2.0
MinimumVisualStudioVersion = 10.0.40219.1
Project("{FAE04EC0-301F-11D3-BF4B-00C04F79EFBC}") = "swen755-heartbeat-tactic", "swen755-heartbeat-tactic.csproj", "{707FC2BD-0C8E-7268-6B67-69FF982C569B}"
EndProject
Global
	GlobalSection(SolutionConfigurationPlatforms) = preSolution
		Debug|Any CPU = Debug|Any CPU
		Release|Any CPU = Release|Any CPU
	EndGlobalSection
	GlobalSection(ProjectConfigurationPlatforms) = postSolution
		{707FC2BD-0C8E-7268-6B67-69FF982C569B}.Debug|Any CPU.ActiveCfg = Debug|Any CPU
		{707FC2BD-0C8E-7268-6B67-69FF982C569B}.Debug|Any CPU.Build.0 = Debug|Any CPU
		{707FC2BD-0C8E-7268-6B67-69FF982C569B}.Release|Any CPU.ActiveCfg = Release|Any CPU
		{707FC2BD-0C8E-7268-6B67-69FF982C569B}.Release|Any CPU.Build.0 = Release|Any CPU
	EndGlobalSection
	GlobalSection(SolutionProperties) = preSolution
		HideSolutionNode = FALSE
	EndGlobalSection
	GlobalSection(ExtensibilityGlobals) = postSolution
		SolutionGuid = {4AC4E810-D7B4-4A03-8017-D3EEEF37DB33}
	EndGlobalSection
EndGlobal
